
Microsoft Visual Studio Solution File, Format Version 11.00
# Visual Studio 2010
Project("{FAE04EC0-301F-11D3-BF4B-00C04F79EFBC}") = "Assembly-CSharp", "Assembly-CSharp.csproj", "{13CF8C53-2CE8-B47C-F805-385D80ACC649}"
EndProject
Project("{FAE04EC0-301F-11D3-BF4B-00C04F79EFBC}") = "Assembly-CSharp-firstpass", "Assembly-CSharp-firstpass.csproj", "{0281F995-65CB-097E-E4B9-55F1953D8B4C}"
EndProject
Project("{FAE04EC0-301F-11D3-BF4B-00C04F79EFBC}") = "Assembly-CSharp-Editor-firstpass", "Assembly-CSharp-Editor-firstpass.csproj", "{D6F64072-0764-E57F-6A43-5BB5F4E42E31}"
EndProject
Project("{FAE04EC0-301F-11D3-BF4B-00C04F79EFBC}") = "Assembly-CSharp-Editor", "Assembly-CSharp-Editor.csproj", "{99E289FD-7FAB-32C4-A44E-DC1E24F51F65}"
EndProject
Global
	GlobalSection(SolutionConfigurationPlatforms) = preSolution
		Debug|Any CPU = Debug|Any CPU
		Release|Any CPU = Release|Any CPU
	EndGlobalSection
	GlobalSection(ProjectConfigurationPlatforms) = postSolution
		{13CF8C53-2CE8-B47C-F805-385D80ACC649}.Debug|Any CPU.ActiveCfg = Debug|Any CPU
		{13CF8C53-2CE8-B47C-F805-385D80ACC649}.Debug|Any CPU.Build.0 = Debug|Any CPU
		{13CF8C53-2CE8-B47C-F805-385D80ACC649}.Release|Any CPU.ActiveCfg = Release|Any CPU
		{13CF8C53-2CE8-B47C-F805-385D80ACC649}.Release|Any CPU.Build.0 = Release|Any CPU
		{0281F995-65CB-097E-E4B9-55F1953D8B4C}.Debug|Any CPU.ActiveCfg = Debug|Any CPU
		{0281F995-65CB-097E-E4B9-55F1953D8B4C}.Debug|Any CPU.Build.0 = Debug|Any CPU
		{0281F995-65CB-097E-E4B9-55F1953D8B4C}.Release|Any CPU.ActiveCfg = Release|Any CPU
		{0281F995-65CB-097E-E4B9-55F1953D8B4C}.Release|Any CPU.Build.0 = Release|Any CPU
		{D6F64072-0764-E57F-6A43-5BB5F4E42E31}.Debug|Any CPU.ActiveCfg = Debug|Any CPU
		{D6F64072-0764-E57F-6A43-5BB5F4E42E31}.Debug|Any CPU.Build.0 = Debug|Any CPU
		{D6F64072-0764-E57F-6A43-5BB5F4E42E31}.Release|Any CPU.ActiveCfg = Release|Any CPU
		{D6F64072-0764-E57F-6A43-5BB5F4E42E31}.Release|Any CPU.Build.0 = Release|Any CPU
		{99E289FD-7FAB-32C4-A44E-DC1E24F51F65}.Debug|Any CPU.ActiveCfg = Debug|Any CPU
		{99E289FD-7FAB-32C4-A44E-DC1E24F51F65}.Debug|Any CPU.Build.0 = Debug|Any CPU
		{99E289FD-7FAB-32C4-A44E-DC1E24F51F65}.Release|Any CPU.ActiveCfg = Release|Any CPU
		{99E289FD-7FAB-32C4-A44E-DC1E24F51F65}.Release|Any CPU.Build.0 = Release|Any CPU
	EndGlobalSection
	GlobalSection(SolutionProperties) = preSolution
		HideSolutionNode = FALSE
	EndGlobalSection
	GlobalSection(MonoDevelopProperties) = preSolution
		StartupItem = Assembly-CSharp.csproj
	EndGlobalSection
EndGlobal
